
Microsoft Visual Studio Solution File, Format Version 12.00
# Visual Studio 2012
Project("{FAE04EC0-301F-11D3-BF4B-00C04F79EFBC}") = "DBUI", "DBUI.csproj", "{4E275783-F872-4800-A35C-5CCB280C416E}"
EndProject
Project("{FAE04EC0-301F-11D3-BF4B-00C04F79EFBC}") = "ConsoleApplication", "ConsoleApplication\ConsoleApplication.csproj", "{483E7614-6BE6-4E32-8C22-91B2BAC3379B}"
EndProject
Global
	GlobalSection(SolutionConfigurationPlatforms) = preSolution
		Debug|Any CPU = Debug|Any CPU
		Release|Any CPU = Release|Any CPU
	EndGlobalSection
	GlobalSection(ProjectConfigurationPlatforms) = postSolution
		{4E275783-F872-4800-A35C-5CCB280C416E}.Debug|Any CPU.ActiveCfg = Debug|Any CPU
		{4E275783-F872-4800-A35C-5CCB280C416E}.Debug|Any CPU.Build.0 = Debug|Any CPU
		{4E275783-F872-4800-A35C-5CCB280C416E}.Release|Any CPU.ActiveCfg = Release|Any CPU
		{4E275783-F872-4800-A35C-5CCB280C416E}.Release|Any CPU.Build.0 = Release|Any CPU
		{483E7614-6BE6-4E32-8C22-91B2BAC3379B}.Debug|Any CPU.ActiveCfg = Debug|Any CPU
		{483E7614-6BE6-4E32-8C22-91B2BAC3379B}.Debug|Any CPU.Build.0 = Debug|Any CPU
		{483E7614-6BE6-4E32-8C22-91B2BAC3379B}.Release|Any CPU.ActiveCfg = Release|Any CPU
		{483E7614-6BE6-4E32-8C22-91B2BAC3379B}.Release|Any CPU.Build.0 = Release|Any CPU
	EndGlobalSection
	GlobalSection(SolutionProperties) = preSolution
		HideSolutionNode = FALSE
	EndGlobalSection
EndGlobal
